
Microsoft Visual Studio Solution File, Format Version 12.00
# Visual Studio Version 17
VisualStudioVersion = 17.8.34316.72
MinimumVisualStudioVersion = 10.0.40219.1
Project("{9A19103F-16F7-4668-BE54-9A1E7A4F7556}") = "Flexar.FirstPass", "Flexar.FirstPass\Flexar.FirstPass.csproj", "{60616AE1-5C34-45D5-8426-1D9EDB01D369}"
EndProject
Project("{FAE04EC0-301F-11D3-BF4B-00C04F79EFBC}") = "Flexar.Main", "Flexar.Main\Flexar.Main.csproj", "{1FF3CBE6-0ADF-4D47-A7B9-B5A43F7B36FB}"
EndProject
Global
	GlobalSection(SolutionConfigurationPlatforms) = preSolution
		Debug|Any CPU = Debug|Any CPU
		Release|Any CPU = Release|Any CPU
	EndGlobalSection
	GlobalSection(ProjectConfigurationPlatforms) = postSolution
		{60616AE1-5C34-45D5-8426-1D9EDB01D369}.Debug|Any CPU.ActiveCfg = Debug|Any CPU
		{60616AE1-5C34-45D5-8426-1D9EDB01D369}.Debug|Any CPU.Build.0 = Debug|Any CPU
		{60616AE1-5C34-45D5-8426-1D9EDB01D369}.Release|Any CPU.ActiveCfg = Release|Any CPU
		{60616AE1-5C34-45D5-8426-1D9EDB01D369}.Release|Any CPU.Build.0 = Release|Any CPU
		{1FF3CBE6-0ADF-4D47-A7B9-B5A43F7B36FB}.Debug|Any CPU.ActiveCfg = Debug|Any CPU
		{1FF3CBE6-0ADF-4D47-A7B9-B5A43F7B36FB}.Debug|Any CPU.Build.0 = Debug|Any CPU
		{1FF3CBE6-0ADF-4D47-A7B9-B5A43F7B36FB}.Release|Any CPU.ActiveCfg = Release|Any CPU
		{1FF3CBE6-0ADF-4D47-A7B9-B5A43F7B36FB}.Release|Any CPU.Build.0 = Release|Any CPU
	EndGlobalSection
	GlobalSection(SolutionProperties) = preSolution
		HideSolutionNode = FALSE
	EndGlobalSection
	GlobalSection(ExtensibilityGlobals) = postSolution
		SolutionGuid = {A36917E4-ACF5-4155-9446-698FFE3F9ECF}
	EndGlobalSection
EndGlobal
